// !$*UTF8*$!
{
	archiveVersion = 1;
	classes = {
	};
	objectVersion = 50;
	objects = {

/* Begin PBXBuildFile section */
		3A2504F825816C3900436800 /* AppDelegate.swift in Sources */ = {isa = PBXBuildFile; fileRef = 3A2504F725816C3900436800 /* AppDelegate.swift */; };
		3A2504FA25816C3900436800 /* SceneDelegate.swift in Sources */ = {isa = PBXBuildFile; fileRef = 3A2504F925816C3900436800 /* SceneDelegate.swift */; };
		3A2504FC25816C3900436800 /* ViewController.swift in Sources */ = {isa = PBXBuildFile; fileRef = 3A2504FB25816C3900436800 /* ViewController.swift */; };
		3A2504FF25816C3900436800 /* Main.storyboard in Resources */ = {isa = PBXBuildFile; fileRef = 3A2504FD25816C3900436800 /* Main.storyboard */; };
		3A25050125816C3C00436800 /* Assets.xcassets in Resources */ = {isa = PBXBuildFile; fileRef = 3A25050025816C3C00436800 /* Assets.xcassets */; };
		3A25050425816C3C00436800 /* LaunchScreen.storyboard in Resources */ = {isa = PBXBuildFile; fileRef = 3A25050225816C3C00436800 /* LaunchScreen.storyboard */; };
		3A25050E258170DB00436800 /* PicsumTableViewCell.swift in Sources */ = {isa = PBXBuildFile; fileRef = 3A25050C258170DB00436800 /* PicsumTableViewCell.swift */; };
		3A25050F258170DB00436800 /* PicsumTableViewCell.xib in Resources */ = {isa = PBXBuildFile; fileRef = 3A25050D258170DB00436800 /* PicsumTableViewCell.xib */; };
		3A5A16F525817BB600AECD0E /* LoremPicsum.swift in Sources */ = {isa = PBXBuildFile; fileRef = 3A5A16F425817BB600AECD0E /* LoremPicsum.swift */; };
		3A5A16F825817F6A00AECD0E /* NetworkManager.swift in Sources */ = {isa = PBXBuildFile; fileRef = 3A5A16F725817F6A00AECD0E /* NetworkManager.swift */; };
/* End PBXBuildFile section */

/* Begin PBXFileReference section */
		3A2504F425816C3900436800 /* LoremPicsumTable.app */ = {isa = PBXFileReference; explicitFileType = wrapper.application; includeInIndex = 0; path = LoremPicsumTable.app; sourceTree = BUILT_PRODUCTS_DIR; };
		3A2504F725816C3900436800 /* AppDelegate.swift */ = {isa = PBXFileReference; lastKnownFileType = sourcecode.swift; path = AppDelegate.swift; sourceTree = "<group>"; };
		3A2504F925816C3900436800 /* SceneDelegate.swift */ = {isa = PBXFileReference; lastKnownFileType = sourcecode.swift; path = SceneDelegate.swift; sourceTree = "<group>"; };
		3A2504FB25816C3900436800 /* ViewController.swift */ = {isa = PBXFileReference; lastKnownFileType = sourcecode.swift; path = ViewController.swift; sourceTree = "<group>"; };
		3A2504FE25816C3900436800 /* Base */ = {isa = PBXFileReference; lastKnownFileType = file.storyboard; name = Base; path = Base.lproj/Main.storyboard; sourceTree = "<group>"; };
		3A25050025816C3C00436800 /* Assets.xcassets */ = {isa = PBXFileReference; lastKnownFileType = folder.assetcatalog; path = Assets.xcassets; sourceTree = "<group>"; };
		3A25050325816C3C00436800 /* Base */ = {isa = PBXFileReference; lastKnownFileType = file.storyboard; name = Base; path = Base.lproj/LaunchScreen.storyboard; sourceTree = "<group>"; };
		3A25050525816C3C00436800 /* Info.plist */ = {isa = PBXFileReference; lastKnownFileType = text.plist.xml; path = Info.plist; sourceTree = "<group>"; };
		3A25050C258170DB00436800 /* PicsumTableViewCell.swift */ = {isa = PBXFileReference; lastKnownFileType = sourcecode.swift; path = PicsumTableViewCell.swift; sourceTree = "<group>"; };
		3A25050D258170DB00436800 /* PicsumTableViewCell.xib */ = {isa = PBXFileReference; lastKnownFileType = file.xib; path = PicsumTableViewCell.xib; sourceTree = "<group>"; };
		3A5A16F425817BB600AECD0E /* LoremPicsum.swift */ = {isa = PBXFileReference; lastKnownFileType = sourcecode.swift; path = LoremPicsum.swift; sourceTree = "<group>"; };
		3A5A16F725817F6A00AECD0E /* NetworkManager.swift */ = {isa = PBXFileReference; lastKnownFileType = sourcecode.swift; path = NetworkManager.swift; sourceTree = "<group>"; };
/* End PBXFileReference section */

/* Begin PBXFrameworksBuildPhase section */
		3A2504F125816C3900436800 /* Frameworks */ = {
			isa = PBXFrameworksBuildPhase;
			buildActionMask = 2147483647;
			files = (
			);
			runOnlyForDeploymentPostprocessing = 0;
		};
/* End PBXFrameworksBuildPhase section */

/* Begin PBXGroup section */
		3A2504EB25816C3900436800 = {
			isa = PBXGroup;
			children = (
				3A2504F625816C3900436800 /* LoremPicsumTable */,
				3A2504F525816C3900436800 /* Products */,
			);
			sourceTree = "<group>";
		};
		3A2504F525816C3900436800 /* Products */ = {
			isa = PBXGroup;
			children = (
				3A2504F425816C3900436800 /* LoremPicsumTable.app */,
			);
			name = Products;
			sourceTree = "<group>";
		};
		3A2504F625816C3900436800 /* LoremPicsumTable */ = {
			isa = PBXGroup;
			children = (
				3A2504F725816C3900436800 /* AppDelegate.swift */,
				3A2504F925816C3900436800 /* SceneDelegate.swift */,
				3A2504FB25816C3900436800 /* ViewController.swift */,
				3A2504FD25816C3900436800 /* Main.storyboard */,
				3A25050025816C3C00436800 /* Assets.xcassets */,
				3A25050225816C3C00436800 /* LaunchScreen.storyboard */,
				3A5A16F425817BB600AECD0E /* LoremPicsum.swift */,
				3A25050525816C3C00436800 /* Info.plist */,
				3A25050C258170DB00436800 /* PicsumTableViewCell.swift */,
				3A25050D258170DB00436800 /* PicsumTableViewCell.xib */,
				3A5A16F725817F6A00AECD0E /* NetworkManager.swift */,
			);
			path = LoremPicsumTable;
			sourceTree = "<group>";
		};
/* End PBXGroup section */

/* Begin PBXNativeTarget section */
		3A2504F325816C3900436800 /* LoremPicsumTable */ = {
			isa = PBXNativeTarget;
			buildConfigurationList = 3A25050825816C3C00436800 /* Build configuration list for PBXNativeTarget "LoremPicsumTable" */;
			buildPhases = (
				3A2504F025816C3900436800 /* Sources */,
				3A2504F125816C3900436800 /* Frameworks */,
				3A2504F225816C3900436800 /* Resources */,
			);
			buildRules = (
			);
			dependencies = (
			);
			name = LoremPicsumTable;
			productName = LoremPicsumTable;
			productReference = 3A2504F425816C3900436800 /* LoremPicsumTable.app */;
			productType = "com.apple.product-type.application";
		};
/* End PBXNativeTarget section */

/* Begin PBXProject section */
		3A2504EC25816C3900436800 /* Project object */ = {
			isa = PBXProject;
			attributes = {
				LastSwiftUpdateCheck = 1220;
				LastUpgradeCheck = 1220;
				TargetAttributes = {
					3A2504F325816C3900436800 = {
						CreatedOnToolsVersion = 12.2;
					};
				};
			};
			buildConfigurationList = 3A2504EF25816C3900436800 /* Build configuration list for PBXProject "LoremPicsumTable" */;
			compatibilityVersion = "Xcode 9.3";
			developmentRegion = en;
			hasScannedForEncodings = 0;
			knownRegions = (
				en,
				Base,
			);
			mainGroup = 3A2504EB25816C3900436800;
			productRefGroup = 3A2504F525816C3900436800 /* Products */;
			projectDirPath = "";
			projectRoot = "";
			targets = (
				3A2504F325816C3900436800 /* LoremPicsumTable */,
			);
		};
/* End PBXProject section */

/* Begin PBXResourcesBuildPhase section */
		3A2504F225816C3900436800 /* Resources */ = {
			isa = PBXResourcesBuildPhase;
			buildActionMask = 2147483647;
			files = (
				3A25050F258170DB00436800 /* PicsumTableViewCell.xib in Resources */,
				3A25050425816C3C00436800 /* LaunchScreen.storyboard in Resources */,
				3A25050125816C3C00436800 /* Assets.xcassets in Resources */,
				3A2504FF25816C3900436800 /* Main.storyboard in Resources */,
			);
			runOnlyForDeploymentPostprocessing = 0;
		};
/* End PBXResourcesBuildPhase section */

/* Begin PBXSourcesBuildPhase section */
		3A2504F025816C3900436800 /* Sources */ = {
			isa = PBXSourcesBuildPhase;
			buildActionMask = 2147483647;
			files = (
				3A5A16F825817F6A00AECD0E /* NetworkManager.swift in Sources */,
				3A25050E258170DB00436800 /* PicsumTableViewCell.swift in Sources */,
				3A2504FC25816C3900436800 /* ViewController.swift in Sources */,
				3A2504F825816C3900436800 /* AppDelegate.swift in Sources */,
				3A2504FA25816C3900436800 /* SceneDelegate.swift in Sources */,
				3A5A16F525817BB600AECD0E /* LoremPicsum.swift in Sources */,
			);
			runOnlyForDeploymentPostprocessing = 0;
		};
/* End PBXSourcesBuildPhase section */

/* Begin PBXVariantGroup section */
		3A2504FD25816C3900436800 /* Main.storyboard */ = {
			isa = PBXVariantGroup;
			children = (
				3A2504FE25816C3900436800 /* Base */,
			);
			name = Main.storyboard;
			sourceTree = "<group>";
		};
		3A25050225816C3C00436800 /* LaunchScreen.storyboard */ = {
			isa = PBXVariantGroup;
			children = (
				3A25050325816C3C00436800 /* Base */,
			);
			name = LaunchScreen.storyboard;
			sourceTree = "<group>";
		};
/* End PBXVariantGroup section */

/* Begin XCBuildConfiguration section */
		3A25050625816C3C00436800 /* Debug */ = {
			isa = XCBuildConfiguration;
			buildSettings = {
				ALWAYS_SEARCH_USER_PATHS = NO;
				CLANG_ANALYZER_NONNULL = YES;
				CLANG_ANALYZER_NUMBER_OBJECT_CONVERSION = YES_AGGRESSIVE;
				CLANG_CXX_LANGUAGE_STANDARD = "gnu++14";
				CLANG_CXX_LIBRARY = "libc++";
				CLANG_ENABLE_MODULES = YES;
				CLANG_ENABLE_OBJC_ARC = YES;
				CLANG_ENABLE_OBJC_WEAK = YES;
				CLANG_WARN_BLOCK_CAPTURE_AUTORELEASING = YES;
				CLANG_WARN_BOOL_CONVERSION = YES;
				CLANG_WARN_COMMA = YES;
				CLANG_WARN_CONSTANT_CONVERSION = YES;
				CLANG_WARN_DEPRECATED_OBJC_IMPLEMENTATIONS = YES;
				CLANG_WARN_DIRECT_OBJC_ISA_USAGE = YES_ERROR;
				CLANG_WARN_DOCUMENTATION_COMMENTS = YES;
				CLANG_WARN_EMPTY_BODY = YES;
				CLANG_WARN_ENUM_CONVERSION = YES;
				CLANG_WARN_INFINITE_RECURSION = YES;
				CLANG_WARN_INT_CONVERSION = YES;
				CLANG_WARN_NON_LITERAL_NULL_CONVERSION = YES;
				CLANG_WARN_OBJC_IMPLICIT_RETAIN_SELF = YES;
				CLANG_WARN_OBJC_LITERAL_CONVERSION = YES;
				CLANG_WARN_OBJC_ROOT_CLASS = YES_ERROR;
				CLANG_WARN_QUOTED_INCLUDE_IN_FRAMEWORK_HEADER = YES;
				CLANG_WARN_RANGE_LOOP_ANALYSIS = YES;
				CLANG_WARN_STRICT_PROTOTYPES = YES;
				CLANG_WARN_SUSPICIOUS_MOVE = YES;
				CLANG_WARN_UNGUARDED_AVAILABILITY = YES_AGGRESSIVE;
				CLANG_WARN_UNREACHABLE_CODE = YES;
				CLANG_WARN__DUPLICATE_METHOD_MATCH = YES;
				COPY_PHASE_STRIP = NO;
				DEBUG_INFORMATION_FORMAT = dwarf;
				ENABLE_STRICT_OBJC_MSGSEND = YES;
				ENABLE_TESTABILITY = YES;
				GCC_C_LANGUAGE_STANDARD = gnu11;
				GCC_DYNAMIC_NO_PIC = NO;
				GCC_NO_COMMON_BLOCKS = YES;
				GCC_OPTIMIZATION_LEVEL = 0;
				GCC_PREPROCESSOR_DEFINITIONS = (
					"DEBUG=1",
					"$(inherited)",
				);
				GCC_WARN_64_TO_32_BIT_CONVERSION = YES;
				GCC_WARN_ABOUT_RETURN_TYPE = YES_ERROR;
				GCC_WARN_UNDECLARED_SELECTOR = YES;
				GCC_WARN_UNINITIALIZED_AUTOS = YES_AGGRESSIVE;
				GCC_WARN_UNUSED_FUNCTION = YES;
				GCC_WARN_UNUSED_VARIABLE = YES;
				IPHONEOS_DEPLOYMENT_TARGET = 14.2;
				MTL_ENABLE_DEBUG_INFO = INCLUDE_SOURCE;
				MTL_FAST_MATH = YES;
				ONLY_ACTIVE_ARCH = YES;
				SDKROOT = iphoneos;
				SWIFT_ACTIVE_COMPILATION_CONDITIONS = DEBUG;
				SWIFT_OPTIMIZATION_LEVEL = "-Onone";
			};
			name = Debug;
		};
		3A25050725816C3C00436800 /* Release */ = {
			isa = XCBuildConfiguration;
			buildSettings = {
				ALWAYS_SEARCH_USER_PATHS = NO;
				CLANG_ANALYZER_NONNULL = YES;
				CLANG_ANALYZER_NUMBER_OBJECT_CONVERSION = YES_AGGRESSIVE;
				CLANG_CXX_LANGUAGE_STANDARD = "gnu++14";
				CLANG_CXX_LIBRARY = "libc++";
				CLANG_ENABLE_MODULES = YES;
				CLANG_ENABLE_OBJC_ARC = YES;
				CLANG_ENABLE_OBJC_WEAK = YES;
				CLANG_WARN_BLOCK_CAPTURE_AUTORELEASING = YES;
				CLANG_WARN_BOOL_CONVERSION = YES;
				CLANG_WARN_COMMA = YES;
				CLANG_WARN_CONSTANT_CONVERSION = YES;
				CLANG_WARN_DEPRECATED_OBJC_IMPLEMENTATIONS = YES;
				CLANG_WARN_DIRECT_OBJC_ISA_USAGE = YES_ERROR;
				CLANG_WARN_DOCUMENTATION_COMMENTS = YES;
				CLANG_WARN_EMPTY_BODY = YES;
				CLANG_WARN_ENUM_CONVERSION = YES;
				CLANG_WARN_INFINITE_RECURSION = YES;
				CLANG_WARN_INT_CONVERSION = YES;
				CLANG_WARN_NON_LITERAL_NULL_CONVERSION = YES;
				CLANG_WARN_OBJC_IMPLICIT_RETAIN_SELF = YES;
				CLANG_WARN_OBJC_LITERAL_CONVERSION = YES;
				CLANG_WARN_OBJC_ROOT_CLASS = YES_ERROR;
				CLANG_WARN_QUOTED_INCLUDE_IN_FRAMEWORK_HEADER = YES;
				CLANG_WARN_RANGE_LOOP_ANALYSIS = YES;
				CLANG_WARN_STRICT_PROTOTYPES = YES;
				CLANG_WARN_SUSPICIOUS_MOVE = YES;
				CLANG_WARN_UNGUARDED_AVAILABILITY = YES_AGGRESSIVE;
				CLANG_WARN_UNREACHABLE_CODE = YES;
				CLANG_WARN__DUPLICATE_METHOD_MATCH = YES;
				COPY_PHASE_STRIP = NO;
				DEBUG_INFORMATION_FORMAT = "dwarf-with-dsym";
				ENABLE_NS_ASSERTIONS = NO;
				ENABLE_STRICT_OBJC_MSGSEND = YES;
				GCC_C_LANGUAGE_STANDARD = gnu11;
				GCC_NO_COMMON_BLOCKS = YES;
				GCC_WARN_64_TO_32_BIT_CONVERSION = YES;
				GCC_WARN_ABOUT_RETURN_TYPE = YES_ERROR;
				GCC_WARN_UNDECLARED_SELECTOR = YES;
				GCC_WARN_UNINITIALIZED_AUTOS = YES_AGGRESSIVE;
				GCC_WARN_UNUSED_FUNCTION = YES;
				GCC_WARN_UNUSED_VARIABLE = YES;
				IPHONEOS_DEPLOYMENT_TARGET = 14.2;
				MTL_ENABLE_DEBUG_INFO = NO;
				MTL_FAST_MATH = YES;
				SDKROOT = iphoneos;
				SWIFT_COMPILATION_MODE = wholemodule;
				SWIFT_OPTIMIZATION_LEVEL = "-O";
				VALIDATE_PRODUCT = YES;
			};
			name = Release;
		};
		3A25050925816C3C00436800 /* Debug */ = {
			isa = XCBuildConfiguration;
			buildSettings = {
				ASSETCATALOG_COMPILER_APPICON_NAME = AppIcon;
				ASSETCATALOG_COMPILER_GLOBAL_ACCENT_COLOR_NAME = AccentColor;
				CODE_SIGN_STYLE = Automatic;
				DEVELOPMENT_TEAM = HB6T22B977;
				INFOPLIST_FILE = LoremPicsumTable/Info.plist;
				LD_RUNPATH_SEARCH_PATHS = (
					"$(inherited)",
					"@executable_path/Frameworks",
				);
				PRODUCT_BUNDLE_IDENTIFIER = com.brett.walton.project.LoremPicsumTable;
				PRODUCT_NAME = "$(TARGET_NAME)";
				SWIFT_VERSION = 5.0;
				TARGETED_DEVICE_FAMILY = "1,2";
			};
			name = Debug;
		};
		3A25050A25816C3C00436800 /* Release */ = {
			isa = XCBuildConfiguration;
			buildSettings = {
				ASSETCATALOG_COMPILER_APPICON_NAME = AppIcon;
				ASSETCATALOG_COMPILER_GLOBAL_ACCENT_COLOR_NAME = AccentColor;
				CODE_SIGN_STYLE = Automatic;
				DEVELOPMENT_TEAM = HB6T22B977;
				INFOPLIST_FILE = LoremPicsumTable/Info.plist;
				LD_RUNPATH_SEARCH_PATHS = (
					"$(inherited)",
					"@executable_path/Frameworks",
				);
				PRODUCT_BUNDLE_IDENTIFIER = com.brett.walton.project.LoremPicsumTable;
				PRODUCT_NAME = "$(TARGET_NAME)";
				SWIFT_VERSION = 5.0;
				TARGETED_DEVICE_FAMILY = "1,2";
			};
			name = Release;
		};
/* End XCBuildConfiguration section */

/* Begin XCConfigurationList section */
		3A2504EF25816C3900436800 /* Build configuration list for PBXProject "LoremPicsumTable" */ = {
			isa = XCConfigurationList;
			buildConfigurations = (
				3A25050625816C3C00436800 /* Debug */,
				3A25050725816C3C00436800 /* Release */,
			);
			defaultConfigurationIsVisible = 0;
			defaultConfigurationName = Release;
		};
		3A25050825816C3C00436800 /* Build configuration list for PBXNativeTarget "LoremPicsumTable" */ = {
			isa = XCConfigurationList;
			buildConfigurations = (
				3A25050925816C3C00436800 /* Debug */,
				3A25050A25816C3C00436800 /* Release */,
			);
			defaultConfigurationIsVisible = 0;
			defaultConfigurationName = Release;
		};
/* End XCConfigurationList section */
	};
	rootObject = 3A2504EC25816C3900436800 /* Project object */;
}
